
Microsoft Visual Studio Solution File, Format Version 12.00
# Visual Studio Version 16
VisualStudioVersion = 16.0.29418.71
MinimumVisualStudioVersion = 10.0.40219.1
Project("{FAE04EC0-301F-11D3-BF4B-00C04F79EFBC}") = "Jokes", "Jokes\Jokes.csproj", "{6EDAFB45-FFEC-4547-B0EC-BE04CF7A16CA}"
EndProject
Project("{FAE04EC0-301F-11D3-BF4B-00C04F79EFBC}") = "Jokes.Core", "Jokes.Core\Jokes.Core.csproj", "{E361D402-726D-4AD0-8B8A-22370D5678E1}"
EndProject
Project("{FAE04EC0-301F-11D3-BF4B-00C04F79EFBC}") = "Jokes.Infrastructure", "Jokes.Infrastructure\Jokes.Infrastructure.csproj", "{420171C2-5D6A-4933-9EC2-3A594F8F8D9F}"
EndProject
Global
	GlobalSection(SolutionConfigurationPlatforms) = preSolution
		Debug|Any CPU = Debug|Any CPU
		Release|Any CPU = Release|Any CPU
	EndGlobalSection
	GlobalSection(ProjectConfigurationPlatforms) = postSolution
		{6EDAFB45-FFEC-4547-B0EC-BE04CF7A16CA}.Debug|Any CPU.ActiveCfg = Debug|Any CPU
		{6EDAFB45-FFEC-4547-B0EC-BE04CF7A16CA}.Debug|Any CPU.Build.0 = Debug|Any CPU
		{6EDAFB45-FFEC-4547-B0EC-BE04CF7A16CA}.Release|Any CPU.ActiveCfg = Release|Any CPU
		{6EDAFB45-FFEC-4547-B0EC-BE04CF7A16CA}.Release|Any CPU.Build.0 = Release|Any CPU
		{E361D402-726D-4AD0-8B8A-22370D5678E1}.Debug|Any CPU.ActiveCfg = Debug|Any CPU
		{E361D402-726D-4AD0-8B8A-22370D5678E1}.Debug|Any CPU.Build.0 = Debug|Any CPU
		{E361D402-726D-4AD0-8B8A-22370D5678E1}.Release|Any CPU.ActiveCfg = Release|Any CPU
		{E361D402-726D-4AD0-8B8A-22370D5678E1}.Release|Any CPU.Build.0 = Release|Any CPU
		{420171C2-5D6A-4933-9EC2-3A594F8F8D9F}.Debug|Any CPU.ActiveCfg = Debug|Any CPU
		{420171C2-5D6A-4933-9EC2-3A594F8F8D9F}.Debug|Any CPU.Build.0 = Debug|Any CPU
		{420171C2-5D6A-4933-9EC2-3A594F8F8D9F}.Release|Any CPU.ActiveCfg = Release|Any CPU
		{420171C2-5D6A-4933-9EC2-3A594F8F8D9F}.Release|Any CPU.Build.0 = Release|Any CPU
	EndGlobalSection
	GlobalSection(SolutionProperties) = preSolution
		HideSolutionNode = FALSE
	EndGlobalSection
	GlobalSection(ExtensibilityGlobals) = postSolution
		SolutionGuid = {7AFBA2C7-5905-4053-ACA9-684DFBA50B5B}
	EndGlobalSection
EndGlobal
